
Microsoft Visual Studio Solution File, Format Version 12.00
Project("{FAE04EC0-301F-11D3-BF4B-00C04F79EFBC}") = "ShadowSXLauncher", "ShadowSXLauncher.csproj", "{F268FCF8-36D1-445B-821E-5F5D8E0B72FF}"
EndProject
Global
	GlobalSection(SolutionConfigurationPlatforms) = preSolution
		Debug|Any CPU = Debug|Any CPU
		Release|Any CPU = Release|Any CPU
	EndGlobalSection
	GlobalSection(ProjectConfigurationPlatforms) = postSolution
		{F268FCF8-36D1-445B-821E-5F5D8E0B72FF}.Debug|Any CPU.ActiveCfg = Debug|Any CPU
		{F268FCF8-36D1-445B-821E-5F5D8E0B72FF}.Debug|Any CPU.Build.0 = Debug|Any CPU
		{F268FCF8-36D1-445B-821E-5F5D8E0B72FF}.Release|Any CPU.ActiveCfg = Release|Any CPU
		{F268FCF8-36D1-445B-821E-5F5D8E0B72FF}.Release|Any CPU.Build.0 = Release|Any CPU
	EndGlobalSection
EndGlobal
